
Microsoft Visual Studio Solution File, Format Version 12.00
# Visual Studio 15
VisualStudioVersion = 15.0.27428.2043
MinimumVisualStudioVersion = 10.0.40219.1
Project("{888888A0-9F3D-457C-B088-3A5042F75D52}") = "VS--PY", "VS--PY.pyproj", "{896A8EF9-6293-47A0-8BF2-FB2CFC726C0B}"
EndProject
Global
	GlobalSection(SolutionConfigurationPlatforms) = preSolution
		Debug|Any CPU = Debug|Any CPU
		Release|Any CPU = Release|Any CPU
	EndGlobalSection
	GlobalSection(ProjectConfigurationPlatforms) = postSolution
		{896A8EF9-6293-47A0-8BF2-FB2CFC726C0B}.Debug|Any CPU.ActiveCfg = Debug|Any CPU
		{896A8EF9-6293-47A0-8BF2-FB2CFC726C0B}.Release|Any CPU.ActiveCfg = Release|Any CPU
	EndGlobalSection
	GlobalSection(SolutionProperties) = preSolution
		HideSolutionNode = FALSE
	EndGlobalSection
	GlobalSection(ExtensibilityGlobals) = postSolution
		SolutionGuid = {FA0B7391-E09F-4F2A-97CE-FC6A1690F27A}
	EndGlobalSection
EndGlobal
